
Microsoft Visual Studio Solution File, Format Version 12.00
# Visual Studio Version 16
VisualStudioVersion = 16.0.34301.259
MinimumVisualStudioVersion = 10.0.40219.1
Project("{8BC9CEB8-8B4A-11D0-8D11-00A0C91BC942}") = "questiontest", "questiontest.vcxproj", "{48878569-C825-41B9-88B2-67FA52696144}"
EndProject
Global
	GlobalSection(SolutionConfigurationPlatforms) = preSolution
		Debug|x64 = Debug|x64
		Debug|x86 = Debug|x86
		Release|x64 = Release|x64
		Release|x86 = Release|x86
	EndGlobalSection
	GlobalSection(ProjectConfigurationPlatforms) = postSolution
		{48878569-C825-41B9-88B2-67FA52696144}.Debug|x64.ActiveCfg = Debug|x64
		{48878569-C825-41B9-88B2-67FA52696144}.Debug|x64.Build.0 = Debug|x64
		{48878569-C825-41B9-88B2-67FA52696144}.Debug|x86.ActiveCfg = Debug|Win32
		{48878569-C825-41B9-88B2-67FA52696144}.Debug|x86.Build.0 = Debug|Win32
		{48878569-C825-41B9-88B2-67FA52696144}.Release|x64.ActiveCfg = Release|x64
		{48878569-C825-41B9-88B2-67FA52696144}.Release|x64.Build.0 = Release|x64
		{48878569-C825-41B9-88B2-67FA52696144}.Release|x86.ActiveCfg = Release|Win32
		{48878569-C825-41B9-88B2-67FA52696144}.Release|x86.Build.0 = Release|Win32
	EndGlobalSection
	GlobalSection(SolutionProperties) = preSolution
		HideSolutionNode = FALSE
	EndGlobalSection
	GlobalSection(ExtensibilityGlobals) = postSolution
		SolutionGuid = {FDC96626-12E2-47AA-9852-3E6F3214620D}
	EndGlobalSection
EndGlobal
